
Microsoft Visual Studio Solution File, Format Version 12.00
# Visual Studio 15
VisualStudioVersion = 15.0.28307.852
MinimumVisualStudioVersion = 10.0.40219.1
Project("{FAE04EC0-301F-11D3-BF4B-00C04F79EFBC}") = "HUD_XAM_CLOCK.Android", "HUD_XAM_CLOCK\HUD_XAM_CLOCK.Android\HUD_XAM_CLOCK.Android.csproj", "{C0BC0F54-BB23-47CB-AF81-1F4462D5BA8A}"
EndProject
Project("{FAE04EC0-301F-11D3-BF4B-00C04F79EFBC}") = "HUD_XAM_CLOCK", "HUD_XAM_CLOCK\HUD_XAM_CLOCK\HUD_XAM_CLOCK.csproj", "{02CF1775-162B-4337-9841-D20B4945A3D5}"
EndProject
Global
	GlobalSection(SolutionConfigurationPlatforms) = preSolution
		Debug|Any CPU = Debug|Any CPU
		Release|Any CPU = Release|Any CPU
	EndGlobalSection
	GlobalSection(ProjectConfigurationPlatforms) = postSolution
		{C0BC0F54-BB23-47CB-AF81-1F4462D5BA8A}.Debug|Any CPU.ActiveCfg = Debug|Any CPU
		{C0BC0F54-BB23-47CB-AF81-1F4462D5BA8A}.Debug|Any CPU.Build.0 = Debug|Any CPU
		{C0BC0F54-BB23-47CB-AF81-1F4462D5BA8A}.Debug|Any CPU.Deploy.0 = Debug|Any CPU
		{C0BC0F54-BB23-47CB-AF81-1F4462D5BA8A}.Release|Any CPU.ActiveCfg = Release|Any CPU
		{C0BC0F54-BB23-47CB-AF81-1F4462D5BA8A}.Release|Any CPU.Build.0 = Release|Any CPU
		{C0BC0F54-BB23-47CB-AF81-1F4462D5BA8A}.Release|Any CPU.Deploy.0 = Release|Any CPU
		{02CF1775-162B-4337-9841-D20B4945A3D5}.Debug|Any CPU.ActiveCfg = Debug|Any CPU
		{02CF1775-162B-4337-9841-D20B4945A3D5}.Debug|Any CPU.Build.0 = Debug|Any CPU
		{02CF1775-162B-4337-9841-D20B4945A3D5}.Debug|Any CPU.Deploy.0 = Debug|Any CPU
		{02CF1775-162B-4337-9841-D20B4945A3D5}.Release|Any CPU.ActiveCfg = Release|Any CPU
		{02CF1775-162B-4337-9841-D20B4945A3D5}.Release|Any CPU.Build.0 = Release|Any CPU
		{02CF1775-162B-4337-9841-D20B4945A3D5}.Release|Any CPU.Deploy.0 = Release|Any CPU
	EndGlobalSection
	GlobalSection(SolutionProperties) = preSolution
		HideSolutionNode = FALSE
	EndGlobalSection
	GlobalSection(ExtensibilityGlobals) = postSolution
		SolutionGuid = {3045ADD0-4706-4B18-A0B2-3BD2E3140871}
	EndGlobalSection
EndGlobal
